
Microsoft Visual Studio Solution File, Format Version 12.00
# Visual Studio Version 17
VisualStudioVersion = 17.5.002.0
MinimumVisualStudioVersion = 10.0.40219.1
Project("{9A19103F-16F7-4668-BE54-9A1E7A4F7556}") = "Concert", "Concert.csproj", "{3664659F-7B01-47F1-9EA3-E1166C338CE5}"
EndProject
Global
	GlobalSection(SolutionConfigurationPlatforms) = preSolution
		Debug|Any CPU = Debug|Any CPU
		Release|Any CPU = Release|Any CPU
	EndGlobalSection
	GlobalSection(ProjectConfigurationPlatforms) = postSolution
		{3664659F-7B01-47F1-9EA3-E1166C338CE5}.Debug|Any CPU.ActiveCfg = Debug|Any CPU
		{3664659F-7B01-47F1-9EA3-E1166C338CE5}.Debug|Any CPU.Build.0 = Debug|Any CPU
		{3664659F-7B01-47F1-9EA3-E1166C338CE5}.Release|Any CPU.ActiveCfg = Release|Any CPU
		{3664659F-7B01-47F1-9EA3-E1166C338CE5}.Release|Any CPU.Build.0 = Release|Any CPU
	EndGlobalSection
	GlobalSection(SolutionProperties) = preSolution
		HideSolutionNode = FALSE
	EndGlobalSection
	GlobalSection(ExtensibilityGlobals) = postSolution
		SolutionGuid = {DC9C656E-4911-40F2-AB84-2702D4391A6F}
	EndGlobalSection
EndGlobal
